// !$*UTF8*$!
{
	archiveVersion = 1;
	classes = {
	};
	objectVersion = 55;
	objects = {

/* Begin PBXBuildFile section */
		05F76EC0609C1A03217A8418 /* Pods_NextApelsinProjectTests.framework in Frameworks */ = {isa = PBXBuildFile; fileRef = D9C237401654C7C4F2603691 /* Pods_NextApelsinProjectTests.framework */; };
		59839DE02805807100BB2DE3 /* AppDelegate.swift in Sources */ = {isa = PBXBuildFile; fileRef = 59839DDF2805807100BB2DE3 /* AppDelegate.swift */; };
		59839DE22805807100BB2DE3 /* SceneDelegate.swift in Sources */ = {isa = PBXBuildFile; fileRef = 59839DE12805807100BB2DE3 /* SceneDelegate.swift */; };
		59839DE42805807100BB2DE3 /* ViewController.swift in Sources */ = {isa = PBXBuildFile; fileRef = 59839DE32805807100BB2DE3 /* ViewController.swift */; };
		59839DE72805807100BB2DE3 /* Main.storyboard in Resources */ = {isa = PBXBuildFile; fileRef = 59839DE52805807100BB2DE3 /* Main.storyboard */; };
		59839DE92805807300BB2DE3 /* Assets.xcassets in Resources */ = {isa = PBXBuildFile; fileRef = 59839DE82805807300BB2DE3 /* Assets.xcassets */; };
		59839DEC2805807300BB2DE3 /* LaunchScreen.storyboard in Resources */ = {isa = PBXBuildFile; fileRef = 59839DEA2805807300BB2DE3 /* LaunchScreen.storyboard */; };
		59839DF72805807300BB2DE3 /* NextApelsinProjectTests.swift in Sources */ = {isa = PBXBuildFile; fileRef = 59839DF62805807300BB2DE3 /* NextApelsinProjectTests.swift */; };
		59839E012805807300BB2DE3 /* NextApelsinProjectUITests.swift in Sources */ = {isa = PBXBuildFile; fileRef = 59839E002805807300BB2DE3 /* NextApelsinProjectUITests.swift */; };
		59839E032805807300BB2DE3 /* NextApelsinProjectUITestsLaunchTests.swift in Sources */ = {isa = PBXBuildFile; fileRef = 59839E022805807300BB2DE3 /* NextApelsinProjectUITestsLaunchTests.swift */; };
		59839E10280580DA00BB2DE3 /* HomeViewController.swift in Sources */ = {isa = PBXBuildFile; fileRef = 59839E0F280580DA00BB2DE3 /* HomeViewController.swift */; };
		59839E142805814200BB2DE3 /* TransferViewController.swift in Sources */ = {isa = PBXBuildFile; fileRef = 59839E132805814200BB2DE3 /* TransferViewController.swift */; };
		59839E162805816C00BB2DE3 /* PaymentViewController.swift in Sources */ = {isa = PBXBuildFile; fileRef = 59839E152805816C00BB2DE3 /* PaymentViewController.swift */; };
		59839E182805818C00BB2DE3 /* ChatViewController.swift in Sources */ = {isa = PBXBuildFile; fileRef = 59839E172805818C00BB2DE3 /* ChatViewController.swift */; };
		59839E1A280581A400BB2DE3 /* MenuViewController.swift in Sources */ = {isa = PBXBuildFile; fileRef = 59839E19280581A400BB2DE3 /* MenuViewController.swift */; };
		59839E1C2805822800BB2DE3 /* NavBrarswift in Sources */ = {isa = PBXBuildFile; fileRef = 59839E1B2805822800BB2DE3 /* NavBrarswift */; };
		59839E1E2805824C00BB2DE3 /* Extention.swift in Sources */ = {isa = PBXBuildFile; fileRef = 59839E1D2805824C00BB2DE3 /* Extention.swift */; };
		59B9EA12280991BD008B8E9E /* BankServiceModel.swift in Sources */ = {isa = PBXBuildFile; fileRef = 59B9EA11280991BD008B8E9E /* BankServiceModel.swift */; };
		59B9EA15280999B6008B8E9E /* CollectionViewCellWithTitle.swift in Sources */ = {isa = PBXBuildFile; fileRef = 59B9EA14280999B6008B8E9E /* CollectionViewCellWithTitle.swift */; };
		59E8709D280755E30071E4D1 /* MycollectionView.swift in Sources */ = {isa = PBXBuildFile; fileRef = 59E8709C280755E30071E4D1 /* MycollectionView.swift */; };
		59E8709F280766170071E4D1 /* VisaModel.swift in Sources */ = {isa = PBXBuildFile; fileRef = 59E8709E280766170071E4D1 /* VisaModel.swift */; };
		59E870A128077AF10071E4D1 /* SavedCollectionView.swift in Sources */ = {isa = PBXBuildFile; fileRef = 59E870A028077AF10071E4D1 /* SavedCollectionView.swift */; };
		59E870A32807E8FF0071E4D1 /* CollectionviewNext.swift in Sources */ = {isa = PBXBuildFile; fileRef = 59E870A22807E8FF0071E4D1 /* CollectionviewNext.swift */; };
		59E870A52807F6F60071E4D1 /* HomeViewAnchors.swift in Sources */ = {isa = PBXBuildFile; fileRef = 59E870A42807F6F60071E4D1 /* HomeViewAnchors.swift */; };
		59E870A728082A010071E4D1 /* CollectionViewLast.swift in Sources */ = {isa = PBXBuildFile; fileRef = 59E870A628082A010071E4D1 /* CollectionViewLast.swift */; };
		59F4A47928097316000A9AE9 /* TransferCell.swift in Sources */ = {isa = PBXBuildFile; fileRef = 59F4A47828097316000A9AE9 /* TransferCell.swift */; };
		59F4A47B28098AF8000A9AE9 /* LocalModel.swift in Sources */ = {isa = PBXBuildFile; fileRef = 59F4A47A28098AF8000A9AE9 /* LocalModel.swift */; };
		890C28D75BAC4C7940A494C0 /* Pods_NextApelsinProject.framework in Frameworks */ = {isa = PBXBuildFile; fileRef = FC787CBDB70830484F8D6044 /* Pods_NextApelsinProject.framework */; };
		BA3A218D85F702BB8A1EFDFD /* Pods_NextApelsinProject_NextApelsinProjectUITests.framework in Frameworks */ = {isa = PBXBuildFile; fileRef = B000E1CDB400A24F2F20E756 /* Pods_NextApelsinProject_NextApelsinProjectUITests.framework */; };
/* End PBXBuildFile section */

/* Begin PBXContainerItemProxy section */
		59839DF32805807300BB2DE3 /* PBXContainerItemProxy */ = {
			isa = PBXContainerItemProxy;
			containerPortal = 59839DD42805807100BB2DE3 /* Project object */;
			proxyType = 1;
			remoteGlobalIDString = 59839DDB2805807100BB2DE3;
			remoteInfo = NextApelsinProject;
		};
		59839DFD2805807300BB2DE3 /* PBXContainerItemProxy */ = {
			isa = PBXContainerItemProxy;
			containerPortal = 59839DD42805807100BB2DE3 /* Project object */;
			proxyType = 1;
			remoteGlobalIDString = 59839DDB2805807100BB2DE3;
			remoteInfo = NextApelsinProject;
		};
/* End PBXContainerItemProxy section */

/* Begin PBXFileReference section */
		1565C389453618879E3CF279 /* Pods-NextApelsinProject-NextApelsinProjectUITests.release.xcconfig */ = {isa = PBXFileReference; includeInIndex = 1; lastKnownFileType = text.xcconfig; name = "Pods-NextApelsinProject-NextApelsinProjectUITests.release.xcconfig"; path = "Target Support Files/Pods-NextApelsinProject-NextApelsinProjectUITests/Pods-NextApelsinProject-NextApelsinProjectUITests.release.xcconfig"; sourceTree = "<group>"; };
		59839DDC2805807100BB2DE3 /* NextApelsinProject.app */ = {isa = PBXFileReference; explicitFileType = wrapper.application; includeInIndex = 0; path = NextApelsinProject.app; sourceTree = BUILT_PRODUCTS_DIR; };
		59839DDF2805807100BB2DE3 /* AppDelegate.swift */ = {isa = PBXFileReference; lastKnownFileType = sourcecode.swift; path = AppDelegate.swift; sourceTree = "<group>"; };
		59839DE12805807100BB2DE3 /* SceneDelegate.swift */ = {isa = PBXFileReference; lastKnownFileType = sourcecode.swift; path = SceneDelegate.swift; sourceTree = "<group>"; };
		59839DE32805807100BB2DE3 /* ViewController.swift */ = {isa = PBXFileReference; lastKnownFileType = sourcecode.swift; path = ViewController.swift; sourceTree = "<group>"; };
		59839DE62805807100BB2DE3 /* Base */ = {isa = PBXFileReference; lastKnownFileType = file.storyboard; name = Base; path = Base.lproj/Main.storyboard; sourceTree = "<group>"; };
		59839DE82805807300BB2DE3 /* Assets.xcassets */ = {isa = PBXFileReference; lastKnownFileType = folder.assetcatalog; path = Assets.xcassets; sourceTree = "<group>"; };
		59839DEB2805807300BB2DE3 /* Base */ = {isa = PBXFileReference; lastKnownFileType = file.storyboard; name = Base; path = Base.lproj/LaunchScreen.storyboard; sourceTree = "<group>"; };
		59839DED2805807300BB2DE3 /* Info.plist */ = {isa = PBXFileReference; lastKnownFileType = text.plist.xml; path = Info.plist; sourceTree = "<group>"; };
		59839DF22805807300BB2DE3 /* NextApelsinProjectTests.xctest */ = {isa = PBXFileReference; explicitFileType = wrapper.cfbundle; includeInIndex = 0; path = NextApelsinProjectTests.xctest; sourceTree = BUILT_PRODUCTS_DIR; };
		59839DF62805807300BB2DE3 /* NextApelsinProjectTests.swift */ = {isa = PBXFileReference; lastKnownFileType = sourcecode.swift; path = NextApelsinProjectTests.swift; sourceTree = "<group>"; };
		59839DFC2805807300BB2DE3 /* NextApelsinProjectUITests.xctest */ = {isa = PBXFileReference; explicitFileType = wrapper.cfbundle; includeInIndex = 0; path = NextApelsinProjectUITests.xctest; sourceTree = BUILT_PRODUCTS_DIR; };
		59839E002805807300BB2DE3 /* NextApelsinProjectUITests.swift */ = {isa = PBXFileReference; lastKnownFileType = sourcecode.swift; path = NextApelsinProjectUITests.swift; sourceTree = "<group>"; };
		59839E022805807300BB2DE3 /* NextApelsinProjectUITestsLaunchTests.swift */ = {isa = PBXFileReference; lastKnownFileType = sourcecode.swift; path = NextApelsinProjectUITestsLaunchTests.swift; sourceTree = "<group>"; };
		59839E0F280580DA00BB2DE3 /* HomeViewController.swift */ = {isa = PBXFileReference; lastKnownFileType = sourcecode.swift; path = HomeViewController.swift; sourceTree = "<group>"; };
		59839E132805814200BB2DE3 /* TransferViewController.swift */ = {isa = PBXFileReference; lastKnownFileType = sourcecode.swift; path = TransferViewController.swift; sourceTree = "<group>"; };
		59839E152805816C00BB2DE3 /* PaymentViewController.swift */ = {isa = PBXFileReference; lastKnownFileType = sourcecode.swift; path = PaymentViewController.swift; sourceTree = "<group>"; };
		59839E172805818C00BB2DE3 /* ChatViewController.swift */ = {isa = PBXFileReference; lastKnownFileType = sourcecode.swift; path = ChatViewController.swift; sourceTree = "<group>"; };
		59839E19280581A400BB2DE3 /* MenuViewController.swift */ = {isa = PBXFileReference; lastKnownFileType = sourcecode.swift; path = MenuViewController.swift; sourceTree = "<group>"; };
		59839E1B2805822800BB2DE3 /* NavBrarswift */ = {isa = PBXFileReference; lastKnownFileType = text; path = NavBrarswift; sourceTree = "<group>"; };
		59839E1D2805824C00BB2DE3 /* Extention.swift */ = {isa = PBXFileReference; lastKnownFileType = sourcecode.swift; path = Extention.swift; sourceTree = "<group>"; };
		59B9EA11280991BD008B8E9E /* BankServiceModel.swift */ = {isa = PBXFileReference; lastKnownFileType = sourcecode.swift; path = BankServiceModel.swift; sourceTree = "<group>"; };
		59B9EA14280999B6008B8E9E /* CollectionViewCellWithTitle.swift */ = {isa = PBXFileReference; lastKnownFileType = sourcecode.swift; path = CollectionViewCellWithTitle.swift; sourceTree = "<group>"; };
		59E8709C280755E30071E4D1 /* MycollectionView.swift */ = {isa = PBXFileReference; lastKnownFileType = sourcecode.swift; path = MycollectionView.swift; sourceTree = "<group>"; };
		59E8709E280766170071E4D1 /* VisaModel.swift */ = {isa = PBXFileReference; lastKnownFileType = sourcecode.swift; path = VisaModel.swift; sourceTree = "<group>"; };
		59E870A028077AF10071E4D1 /* SavedCollectionView.swift */ = {isa = PBXFileReference; lastKnownFileType = sourcecode.swift; path = SavedCollectionView.swift; sourceTree = "<group>"; };
		59E870A22807E8FF0071E4D1 /* CollectionviewNext.swift */ = {isa = PBXFileReference; lastKnownFileType = sourcecode.swift; path = CollectionviewNext.swift; sourceTree = "<group>"; };
		59E870A42807F6F60071E4D1 /* HomeViewAnchors.swift */ = {isa = PBXFileReference; lastKnownFileType = sourcecode.swift; path = HomeViewAnchors.swift; sourceTree = "<group>"; };
		59E870A628082A010071E4D1 /* CollectionViewLast.swift */ = {isa = PBXFileReference; lastKnownFileType = sourcecode.swift; path = CollectionViewLast.swift; sourceTree = "<group>"; };
		59F4A47828097316000A9AE9 /* TransferCell.swift */ = {isa = PBXFileReference; fileEncoding = 4; lastKnownFileType = sourcecode.swift; path = TransferCell.swift; sourceTree = "<group>"; };
		59F4A47A28098AF8000A9AE9 /* LocalModel.swift */ = {isa = PBXFileReference; lastKnownFileType = sourcecode.swift; path = LocalModel.swift; sourceTree = "<group>"; };
		7B5F40FEE221169B176FA70E /* Pods-NextApelsinProjectTests.release.xcconfig */ = {isa = PBXFileReference; includeInIndex = 1; lastKnownFileType = text.xcconfig; name = "Pods-NextApelsinProjectTests.release.xcconfig"; path = "Target Support Files/Pods-NextApelsinProjectTests/Pods-NextApelsinProjectTests.release.xcconfig"; sourceTree = "<group>"; };
		A9315EF597BB0AA1AF531D00 /* Pods-NextApelsinProject.debug.xcconfig */ = {isa = PBXFileReference; includeInIndex = 1; lastKnownFileType = text.xcconfig; name = "Pods-NextApelsinProject.debug.xcconfig"; path = "Target Support Files/Pods-NextApelsinProject/Pods-NextApelsinProject.debug.xcconfig"; sourceTree = "<group>"; };
		B000E1CDB400A24F2F20E756 /* Pods_NextApelsinProject_NextApelsinProjectUITests.framework */ = {isa = PBXFileReference; explicitFileType = wrapper.framework; includeInIndex = 0; path = Pods_NextApelsinProject_NextApelsinProjectUITests.framework; sourceTree = BUILT_PRODUCTS_DIR; };
		D5B8FD889C550E0BA1088D8E /* Pods-NextApelsinProjectTests.debug.xcconfig */ = {isa = PBXFileReference; includeInIndex = 1; lastKnownFileType = text.xcconfig; name = "Pods-NextApelsinProjectTests.debug.xcconfig"; path = "Target Support Files/Pods-NextApelsinProjectTests/Pods-NextApelsinProjectTests.debug.xcconfig"; sourceTree = "<group>"; };
		D9C237401654C7C4F2603691 /* Pods_NextApelsinProjectTests.framework */ = {isa = PBXFileReference; explicitFileType = wrapper.framework; includeInIndex = 0; path = Pods_NextApelsinProjectTests.framework; sourceTree = BUILT_PRODUCTS_DIR; };
		E9BA7C46CF99C55F79C01120 /* Pods-NextApelsinProject-NextApelsinProjectUITests.debug.xcconfig */ = {isa = PBXFileReference; includeInIndex = 1; lastKnownFileType = text.xcconfig; name = "Pods-NextApelsinProject-NextApelsinProjectUITests.debug.xcconfig"; path = "Target Support Files/Pods-NextApelsinProject-NextApelsinProjectUITests/Pods-NextApelsinProject-NextApelsinProjectUITests.debug.xcconfig"; sourceTree = "<group>"; };
		FC787CBDB70830484F8D6044 /* Pods_NextApelsinProject.framework */ = {isa = PBXFileReference; explicitFileType = wrapper.framework; includeInIndex = 0; path = Pods_NextApelsinProject.framework; sourceTree = BUILT_PRODUCTS_DIR; };
		FDCCB8E00D919B22F0D47411 /* Pods-NextApelsinProject.release.xcconfig */ = {isa = PBXFileReference; includeInIndex = 1; lastKnownFileType = text.xcconfig; name = "Pods-NextApelsinProject.release.xcconfig"; path = "Target Support Files/Pods-NextApelsinProject/Pods-NextApelsinProject.release.xcconfig"; sourceTree = "<group>"; };
/* End PBXFileReference section */

/* Begin PBXFrameworksBuildPhase section */
		59839DD92805807100BB2DE3 /* Frameworks */ = {
			isa = PBXFrameworksBuildPhase;
			buildActionMask = 2147483647;
			files = (
				890C28D75BAC4C7940A494C0 /* Pods_NextApelsinProject.framework in Frameworks */,
			);
			runOnlyForDeploymentPostprocessing = 0;
		};
		59839DEF2805807300BB2DE3 /* Frameworks */ = {
			isa = PBXFrameworksBuildPhase;
			buildActionMask = 2147483647;
			files = (
				05F76EC0609C1A03217A8418 /* Pods_NextApelsinProjectTests.framework in Frameworks */,
			);
			runOnlyForDeploymentPostprocessing = 0;
		};
		59839DF92805807300BB2DE3 /* Frameworks */ = {
			isa = PBXFrameworksBuildPhase;
			buildActionMask = 2147483647;
			files = (
				BA3A218D85F702BB8A1EFDFD /* Pods_NextApelsinProject_NextApelsinProjectUITests.framework in Frameworks */,
			);
			runOnlyForDeploymentPostprocessing = 0;
		};
/* End PBXFrameworksBuildPhase section */

/* Begin PBXGroup section */
		59839DD32805807100BB2DE3 = {
			isa = PBXGroup;
			children = (
				59839DDE2805807100BB2DE3 /* NextApelsinProject */,
				59839DF52805807300BB2DE3 /* NextApelsinProjectTests */,
				59839DFF2805807300BB2DE3 /* NextApelsinProjectUITests */,
				59839DDD2805807100BB2DE3 /* Products */,
				B8640B6D8874BE7DF9B91E12 /* Pods */,
				BD50208EE9CE694A8D40C561 /* Frameworks */,
			);
			sourceTree = "<group>";
		};
		59839DDD2805807100BB2DE3 /* Products */ = {
			isa = PBXGroup;
			children = (
				59839DDC2805807100BB2DE3 /* NextApelsinProject.app */,
				59839DF22805807300BB2DE3 /* NextApelsinProjectTests.xctest */,
				59839DFC2805807300BB2DE3 /* NextApelsinProjectUITests.xctest */,
			);
			name = Products;
			sourceTree = "<group>";
		};
		59839DDE2805807100BB2DE3 /* NextApelsinProject */ = {
			isa = PBXGroup;
			children = (
				59E8709B2807554A0071E4D1 /* Home */,
				59839DDF2805807100BB2DE3 /* AppDelegate.swift */,
				59839DE12805807100BB2DE3 /* SceneDelegate.swift */,
				59839DE32805807100BB2DE3 /* ViewController.swift */,
				59839DE52805807100BB2DE3 /* Main.storyboard */,
				59839DE82805807300BB2DE3 /* Assets.xcassets */,
				59839DEA2805807300BB2DE3 /* LaunchScreen.storyboard */,
				59839DED2805807300BB2DE3 /* Info.plist */,
				59839E132805814200BB2DE3 /* TransferViewController.swift */,
				59839E152805816C00BB2DE3 /* PaymentViewController.swift */,
				59839E19280581A400BB2DE3 /* MenuViewController.swift */,
				59839E1B2805822800BB2DE3 /* NavBrarswift */,
				59839E1D2805824C00BB2DE3 /* Extention.swift */,
				59839E172805818C00BB2DE3 /* ChatViewController.swift */,
			);
			path = NextApelsinProject;
			sourceTree = "<group>";
		};
		59839DF52805807300BB2DE3 /* NextApelsinProjectTests */ = {
			isa = PBXGroup;
			children = (
				59839DF62805807300BB2DE3 /* NextApelsinProjectTests.swift */,
			);
			path = NextApelsinProjectTests;
			sourceTree = "<group>";
		};
		59839DFF2805807300BB2DE3 /* NextApelsinProjectUITests */ = {
			isa = PBXGroup;
			children = (
				59839E002805807300BB2DE3 /* NextApelsinProjectUITests.swift */,
				59839E022805807300BB2DE3 /* NextApelsinProjectUITestsLaunchTests.swift */,
			);
			path = NextApelsinProjectUITests;
			sourceTree = "<group>";
		};
		59B9EA132809998D008B8E9E /* BankServices */ = {
			isa = PBXGroup;
			children = (
				59E870A22807E8FF0071E4D1 /* CollectionviewNext.swift */,
				59B9EA14280999B6008B8E9E /* CollectionViewCellWithTitle.swift */,
				59B9EA11280991BD008B8E9E /* BankServiceModel.swift */,
			);
			path = BankServices;
			sourceTree = "<group>";
		};
		59E8709B2807554A0071E4D1 /* Home */ = {
			isa = PBXGroup;
			children = (
				59B9EA132809998D008B8E9E /* BankServices */,
				59839E0F280580DA00BB2DE3 /* HomeViewController.swift */,
				59E870A42807F6F60071E4D1 /* HomeViewAnchors.swift */,
				59E8709C280755E30071E4D1 /* MycollectionView.swift */,
				59E8709E280766170071E4D1 /* VisaModel.swift */,
				59E870A028077AF10071E4D1 /* SavedCollectionView.swift */,
				59F4A47828097316000A9AE9 /* TransferCell.swift */,
				59E870A628082A010071E4D1 /* CollectionViewLast.swift */,
				59F4A47A28098AF8000A9AE9 /* LocalModel.swift */,
			);
			path = Home;
			sourceTree = "<group>";
		};
		B8640B6D8874BE7DF9B91E12 /* Pods */ = {
			isa = PBXGroup;
			children = (
				A9315EF597BB0AA1AF531D00 /* Pods-NextApelsinProject.debug.xcconfig */,
				FDCCB8E00D919B22F0D47411 /* Pods-NextApelsinProject.release.xcconfig */,
				E9BA7C46CF99C55F79C01120 /* Pods-NextApelsinProject-NextApelsinProjectUITests.debug.xcconfig */,
				1565C389453618879E3CF279 /* Pods-NextApelsinProject-NextApelsinProjectUITests.release.xcconfig */,
				D5B8FD889C550E0BA1088D8E /* Pods-NextApelsinProjectTests.debug.xcconfig */,
				7B5F40FEE221169B176FA70E /* Pods-NextApelsinProjectTests.release.xcconfig */,
			);
			path = Pods;
			sourceTree = "<group>";
		};
		BD50208EE9CE694A8D40C561 /* Frameworks */ = {
			isa = PBXGroup;
			children = (
				FC787CBDB70830484F8D6044 /* Pods_NextApelsinProject.framework */,
				B000E1CDB400A24F2F20E756 /* Pods_NextApelsinProject_NextApelsinProjectUITests.framework */,
				D9C237401654C7C4F2603691 /* Pods_NextApelsinProjectTests.framework */,
			);
			name = Frameworks;
			sourceTree = "<group>";
		};
/* End PBXGroup section */

/* Begin PBXNativeTarget section */
		59839DDB2805807100BB2DE3 /* NextApelsinProject */ = {
			isa = PBXNativeTarget;
			buildConfigurationList = 59839E062805807300BB2DE3 /* Build configuration list for PBXNativeTarget "NextApelsinProject" */;
			buildPhases = (
				2FF3C15163C876F766E8D8B8 /* [CP] Check Pods Manifest.lock */,
				59839DD82805807100BB2DE3 /* Sources */,
				59839DD92805807100BB2DE3 /* Frameworks */,
				59839DDA2805807100BB2DE3 /* Resources */,
			);
			buildRules = (
			);
			dependencies = (
			);
			name = NextApelsinProject;
			productName = NextApelsinProject;
			productReference = 59839DDC2805807100BB2DE3 /* NextApelsinProject.app */;
			productType = "com.apple.product-type.application";
		};
		59839DF12805807300BB2DE3 /* NextApelsinProjectTests */ = {
			isa = PBXNativeTarget;
			buildConfigurationList = 59839E092805807300BB2DE3 /* Build configuration list for PBXNativeTarget "NextApelsinProjectTests" */;
			buildPhases = (
				F856FCE0912FF0545E17DC50 /* [CP] Check Pods Manifest.lock */,
				59839DEE2805807300BB2DE3 /* Sources */,
				59839DEF2805807300BB2DE3 /* Frameworks */,
				59839DF02805807300BB2DE3 /* Resources */,
			);
			buildRules = (
			);
			dependencies = (
				59839DF42805807300BB2DE3 /* PBXTargetDependency */,
			);
			name = NextApelsinProjectTests;
			productName = NextApelsinProjectTests;
			productReference = 59839DF22805807300BB2DE3 /* NextApelsinProjectTests.xctest */;
			productType = "com.apple.product-type.bundle.unit-test";
		};
		59839DFB2805807300BB2DE3 /* NextApelsinProjectUITests */ = {
			isa = PBXNativeTarget;
			buildConfigurationList = 59839E0C2805807300BB2DE3 /* Build configuration list for PBXNativeTarget "NextApelsinProjectUITests" */;
			buildPhases = (
				2D999EB4C71667BF1234A5DF /* [CP] Check Pods Manifest.lock */,
				59839DF82805807300BB2DE3 /* Sources */,
				59839DF92805807300BB2DE3 /* Frameworks */,
				59839DFA2805807300BB2DE3 /* Resources */,
			);
			buildRules = (
			);
			dependencies = (
				59839DFE2805807300BB2DE3 /* PBXTargetDependency */,
			);
			name = NextApelsinProjectUITests;
			productName = NextApelsinProjectUITests;
			productReference = 59839DFC2805807300BB2DE3 /* NextApelsinProjectUITests.xctest */;
			productType = "com.apple.product-type.bundle.ui-testing";
		};
/* End PBXNativeTarget section */

/* Begin PBXProject section */
		59839DD42805807100BB2DE3 /* Project object */ = {
			isa = PBXProject;
			attributes = {
				BuildIndependentTargetsInParallel = 1;
				LastSwiftUpdateCheck = 1320;
				LastUpgradeCheck = 1320;
				TargetAttributes = {
					59839DDB2805807100BB2DE3 = {
						CreatedOnToolsVersion = 13.2.1;
					};
					59839DF12805807300BB2DE3 = {
						CreatedOnToolsVersion = 13.2.1;
						TestTargetID = 59839DDB2805807100BB2DE3;
					};
					59839DFB2805807300BB2DE3 = {
						CreatedOnToolsVersion = 13.2.1;
						TestTargetID = 59839DDB2805807100BB2DE3;
					};
				};
			};
			buildConfigurationList = 59839DD72805807100BB2DE3 /* Build configuration list for PBXProject "NextApelsinProject" */;
			compatibilityVersion = "Xcode 13.0";
			developmentRegion = en;
			hasScannedForEncodings = 0;
			knownRegions = (
				en,
				Base,
			);
			mainGroup = 59839DD32805807100BB2DE3;
			productRefGroup = 59839DDD2805807100BB2DE3 /* Products */;
			projectDirPath = "";
			projectRoot = "";
			targets = (
				59839DDB2805807100BB2DE3 /* NextApelsinProject */,
				59839DF12805807300BB2DE3 /* NextApelsinProjectTests */,
				59839DFB2805807300BB2DE3 /* NextApelsinProjectUITests */,
			);
		};
/* End PBXProject section */

/* Begin PBXResourcesBuildPhase section */
		59839DDA2805807100BB2DE3 /* Resources */ = {
			isa = PBXResourcesBuildPhase;
			buildActionMask = 2147483647;
			files = (
				59839DEC2805807300BB2DE3 /* LaunchScreen.storyboard in Resources */,
				59839DE92805807300BB2DE3 /* Assets.xcassets in Resources */,
				59839DE72805807100BB2DE3 /* Main.storyboard in Resources */,
			);
			runOnlyForDeploymentPostprocessing = 0;
		};
		59839DF02805807300BB2DE3 /* Resources */ = {
			isa = PBXResourcesBuildPhase;
			buildActionMask = 2147483647;
			files = (
			);
			runOnlyForDeploymentPostprocessing = 0;
		};
		59839DFA2805807300BB2DE3 /* Resources */ = {
			isa = PBXResourcesBuildPhase;
			buildActionMask = 2147483647;
			files = (
			);
			runOnlyForDeploymentPostprocessing = 0;
		};
/* End PBXResourcesBuildPhase section */

/* Begin PBXShellScriptBuildPhase section */
		2D999EB4C71667BF1234A5DF /* [CP] Check Pods Manifest.lock */ = {
			isa = PBXShellScriptBuildPhase;
			buildActionMask = 2147483647;
			files = (
			);
			inputFileListPaths = (
			);
			inputPaths = (
				"${PODS_PODFILE_DIR_PATH}/Podfile.lock",
				"${PODS_ROOT}/Manifest.lock",
			);
			name = "[CP] Check Pods Manifest.lock";
			outputFileListPaths = (
			);
			outputPaths = (
				"$(DERIVED_FILE_DIR)/Pods-NextApelsinProject-NextApelsinProjectUITests-checkManifestLockResult.txt",
			);
			runOnlyForDeploymentPostprocessing = 0;
			shellPath = /bin/sh;
			shellScript = "diff \"${PODS_PODFILE_DIR_PATH}/Podfile.lock\" \"${PODS_ROOT}/Manifest.lock\" > /dev/null\nif [ $? != 0 ] ; then\n    # print error to STDERR\n    echo \"error: The sandbox is not in sync with the Podfile.lock. Run 'pod install' or update your CocoaPods installation.\" >&2\n    exit 1\nfi\n# This output is used by Xcode 'outputs' to avoid re-running this script phase.\necho \"SUCCESS\" > \"${SCRIPT_OUTPUT_FILE_0}\"\n";
			showEnvVarsInLog = 0;
		};
		2FF3C15163C876F766E8D8B8 /* [CP] Check Pods Manifest.lock */ = {
			isa = PBXShellScriptBuildPhase;
			buildActionMask = 2147483647;
			files = (
			);
			inputFileListPaths = (
			);
			inputPaths = (
				"${PODS_PODFILE_DIR_PATH}/Podfile.lock",
				"${PODS_ROOT}/Manifest.lock",
			);
			name = "[CP] Check Pods Manifest.lock";
			outputFileListPaths = (
			);
			outputPaths = (
				"$(DERIVED_FILE_DIR)/Pods-NextApelsinProject-checkManifestLockResult.txt",
			);
			runOnlyForDeploymentPostprocessing = 0;
			shellPath = /bin/sh;
			shellScript = "diff \"${PODS_PODFILE_DIR_PATH}/Podfile.lock\" \"${PODS_ROOT}/Manifest.lock\" > /dev/null\nif [ $? != 0 ] ; then\n    # print error to STDERR\n    echo \"error: The sandbox is not in sync with the Podfile.lock. Run 'pod install' or update your CocoaPods installation.\" >&2\n    exit 1\nfi\n# This output is used by Xcode 'outputs' to avoid re-running this script phase.\necho \"SUCCESS\" > \"${SCRIPT_OUTPUT_FILE_0}\"\n";
			showEnvVarsInLog = 0;
		};
		F856FCE0912FF0545E17DC50 /* [CP] Check Pods Manifest.lock */ = {
			isa = PBXShellScriptBuildPhase;
			buildActionMask = 2147483647;
			files = (
			);
			inputFileListPaths = (
			);
			inputPaths = (
				"${PODS_PODFILE_DIR_PATH}/Podfile.lock",
				"${PODS_ROOT}/Manifest.lock",
			);
			name = "[CP] Check Pods Manifest.lock";
			outputFileListPaths = (
			);
			outputPaths = (
				"$(DERIVED_FILE_DIR)/Pods-NextApelsinProjectTests-checkManifestLockResult.txt",
			);
			runOnlyForDeploymentPostprocessing = 0;
			shellPath = /bin/sh;
			shellScript = "diff \"${PODS_PODFILE_DIR_PATH}/Podfile.lock\" \"${PODS_ROOT}/Manifest.lock\" > /dev/null\nif [ $? != 0 ] ; then\n    # print error to STDERR\n    echo \"error: The sandbox is not in sync with the Podfile.lock. Run 'pod install' or update your CocoaPods installation.\" >&2\n    exit 1\nfi\n# This output is used by Xcode 'outputs' to avoid re-running this script phase.\necho \"SUCCESS\" > \"${SCRIPT_OUTPUT_FILE_0}\"\n";
			showEnvVarsInLog = 0;
		};
/* End PBXShellScriptBuildPhase section */

/* Begin PBXSourcesBuildPhase section */
		59839DD82805807100BB2DE3 /* Sources */ = {
			isa = PBXSourcesBuildPhase;
			buildActionMask = 2147483647;
			files = (
				59839DE42805807100BB2DE3 /* ViewController.swift in Sources */,
				59839E1C2805822800BB2DE3 /* NavBrarswift in Sources */,
				59839E1E2805824C00BB2DE3 /* Extention.swift in Sources */,
				59E8709D280755E30071E4D1 /* MycollectionView.swift in Sources */,
				59839E162805816C00BB2DE3 /* PaymentViewController.swift in Sources */,
				59839E142805814200BB2DE3 /* TransferViewController.swift in Sources */,
				59E8709F280766170071E4D1 /* VisaModel.swift in Sources */,
				59F4A47928097316000A9AE9 /* TransferCell.swift in Sources */,
				59839E182805818C00BB2DE3 /* ChatViewController.swift in Sources */,
				59839DE02805807100BB2DE3 /* AppDelegate.swift in Sources */,
				59E870A128077AF10071E4D1 /* SavedCollectionView.swift in Sources */,
				59B9EA15280999B6008B8E9E /* CollectionViewCellWithTitle.swift in Sources */,
				59839DE22805807100BB2DE3 /* SceneDelegate.swift in Sources */,
				59839E10280580DA00BB2DE3 /* HomeViewController.swift in Sources */,
				59B9EA12280991BD008B8E9E /* BankServiceModel.swift in Sources */,
				59F4A47B28098AF8000A9AE9 /* LocalModel.swift in Sources */,
				59839E1A280581A400BB2DE3 /* MenuViewController.swift in Sources */,
				59E870A52807F6F60071E4D1 /* HomeViewAnchors.swift in Sources */,
				59E870A728082A010071E4D1 /* CollectionViewLast.swift in Sources */,
				59E870A32807E8FF0071E4D1 /* CollectionviewNext.swift in Sources */,
			);
			runOnlyForDeploymentPostprocessing = 0;
		};
		59839DEE2805807300BB2DE3 /* Sources */ = {
			isa = PBXSourcesBuildPhase;
			buildActionMask = 2147483647;
			files = (
				59839DF72805807300BB2DE3 /* NextApelsinProjectTests.swift in Sources */,
			);
			runOnlyForDeploymentPostprocessing = 0;
		};
		59839DF82805807300BB2DE3 /* Sources */ = {
			isa = PBXSourcesBuildPhase;
			buildActionMask = 2147483647;
			files = (
				59839E032805807300BB2DE3 /* NextApelsinProjectUITestsLaunchTests.swift in Sources */,
				59839E012805807300BB2DE3 /* NextApelsinProjectUITests.swift in Sources */,
			);
			runOnlyForDeploymentPostprocessing = 0;
		};
/* End PBXSourcesBuildPhase section */

/* Begin PBXTargetDependency section */
		59839DF42805807300BB2DE3 /* PBXTargetDependency */ = {
			isa = PBXTargetDependency;
			target = 59839DDB2805807100BB2DE3 /* NextApelsinProject */;
			targetProxy = 59839DF32805807300BB2DE3 /* PBXContainerItemProxy */;
		};
		59839DFE2805807300BB2DE3 /* PBXTargetDependency */ = {
			isa = PBXTargetDependency;
			target = 59839DDB2805807100BB2DE3 /* NextApelsinProject */;
			targetProxy = 59839DFD2805807300BB2DE3 /* PBXContainerItemProxy */;
		};
/* End PBXTargetDependency section */

/* Begin PBXVariantGroup section */
		59839DE52805807100BB2DE3 /* Main.storyboard */ = {
			isa = PBXVariantGroup;
			children = (
				59839DE62805807100BB2DE3 /* Base */,
			);
			name = Main.storyboard;
			sourceTree = "<group>";
		};
		59839DEA2805807300BB2DE3 /* LaunchScreen.storyboard */ = {
			isa = PBXVariantGroup;
			children = (
				59839DEB2805807300BB2DE3 /* Base */,
			);
			name = LaunchScreen.storyboard;
			sourceTree = "<group>";
		};
/* End PBXVariantGroup section */

/* Begin XCBuildConfiguration section */
		59839E042805807300BB2DE3 /* Debug */ = {
			isa = XCBuildConfiguration;
			buildSettings = {
				ALWAYS_SEARCH_USER_PATHS = NO;
				CLANG_ANALYZER_NONNULL = YES;
				CLANG_ANALYZER_NUMBER_OBJECT_CONVERSION = YES_AGGRESSIVE;
				CLANG_CXX_LANGUAGE_STANDARD = "gnu++17";
				CLANG_CXX_LIBRARY = "libc++";
				CLANG_ENABLE_MODULES = YES;
				CLANG_ENABLE_OBJC_ARC = YES;
				CLANG_ENABLE_OBJC_WEAK = YES;
				CLANG_WARN_BLOCK_CAPTURE_AUTORELEASING = YES;
				CLANG_WARN_BOOL_CONVERSION = YES;
				CLANG_WARN_COMMA = YES;
				CLANG_WARN_CONSTANT_CONVERSION = YES;
				CLANG_WARN_DEPRECATED_OBJC_IMPLEMENTATIONS = YES;
				CLANG_WARN_DIRECT_OBJC_ISA_USAGE = YES_ERROR;
				CLANG_WARN_DOCUMENTATION_COMMENTS = YES;
				CLANG_WARN_EMPTY_BODY = YES;
				CLANG_WARN_ENUM_CONVERSION = YES;
				CLANG_WARN_INFINITE_RECURSION = YES;
				CLANG_WARN_INT_CONVERSION = YES;
				CLANG_WARN_NON_LITERAL_NULL_CONVERSION = YES;
				CLANG_WARN_OBJC_IMPLICIT_RETAIN_SELF = YES;
				CLANG_WARN_OBJC_LITERAL_CONVERSION = YES;
				CLANG_WARN_OBJC_ROOT_CLASS = YES_ERROR;
				CLANG_WARN_QUOTED_INCLUDE_IN_FRAMEWORK_HEADER = YES;
				CLANG_WARN_RANGE_LOOP_ANALYSIS = YES;
				CLANG_WARN_STRICT_PROTOTYPES = YES;
				CLANG_WARN_SUSPICIOUS_MOVE = YES;
				CLANG_WARN_UNGUARDED_AVAILABILITY = YES_AGGRESSIVE;
				CLANG_WARN_UNREACHABLE_CODE = YES;
				CLANG_WARN__DUPLICATE_METHOD_MATCH = YES;
				COPY_PHASE_STRIP = NO;
				DEBUG_INFORMATION_FORMAT = dwarf;
				ENABLE_STRICT_OBJC_MSGSEND = YES;
				ENABLE_TESTABILITY = YES;
				GCC_C_LANGUAGE_STANDARD = gnu11;
				GCC_DYNAMIC_NO_PIC = NO;
				GCC_NO_COMMON_BLOCKS = YES;
				GCC_OPTIMIZATION_LEVEL = 0;
				GCC_PREPROCESSOR_DEFINITIONS = (
					"DEBUG=1",
					"$(inherited)",
				);
				GCC_WARN_64_TO_32_BIT_CONVERSION = YES;
				GCC_WARN_ABOUT_RETURN_TYPE = YES_ERROR;
				GCC_WARN_UNDECLARED_SELECTOR = YES;
				GCC_WARN_UNINITIALIZED_AUTOS = YES_AGGRESSIVE;
				GCC_WARN_UNUSED_FUNCTION = YES;
				GCC_WARN_UNUSED_VARIABLE = YES;
				IPHONEOS_DEPLOYMENT_TARGET = 15.2;
				MTL_ENABLE_DEBUG_INFO = INCLUDE_SOURCE;
				MTL_FAST_MATH = YES;
				ONLY_ACTIVE_ARCH = YES;
				SDKROOT = iphoneos;
				SWIFT_ACTIVE_COMPILATION_CONDITIONS = DEBUG;
				SWIFT_OPTIMIZATION_LEVEL = "-Onone";
			};
			name = Debug;
		};
		59839E052805807300BB2DE3 /* Release */ = {
			isa = XCBuildConfiguration;
			buildSettings = {
				ALWAYS_SEARCH_USER_PATHS = NO;
				CLANG_ANALYZER_NONNULL = YES;
				CLANG_ANALYZER_NUMBER_OBJECT_CONVERSION = YES_AGGRESSIVE;
				CLANG_CXX_LANGUAGE_STANDARD = "gnu++17";
				CLANG_CXX_LIBRARY = "libc++";
				CLANG_ENABLE_MODULES = YES;
				CLANG_ENABLE_OBJC_ARC = YES;
				CLANG_ENABLE_OBJC_WEAK = YES;
				CLANG_WARN_BLOCK_CAPTURE_AUTORELEASING = YES;
				CLANG_WARN_BOOL_CONVERSION = YES;
				CLANG_WARN_COMMA = YES;
				CLANG_WARN_CONSTANT_CONVERSION = YES;
				CLANG_WARN_DEPRECATED_OBJC_IMPLEMENTATIONS = YES;
				CLANG_WARN_DIRECT_OBJC_ISA_USAGE = YES_ERROR;
				CLANG_WARN_DOCUMENTATION_COMMENTS = YES;
				CLANG_WARN_EMPTY_BODY = YES;
				CLANG_WARN_ENUM_CONVERSION = YES;
				CLANG_WARN_INFINITE_RECURSION = YES;
				CLANG_WARN_INT_CONVERSION = YES;
				CLANG_WARN_NON_LITERAL_NULL_CONVERSION = YES;
				CLANG_WARN_OBJC_IMPLICIT_RETAIN_SELF = YES;
				CLANG_WARN_OBJC_LITERAL_CONVERSION = YES;
				CLANG_WARN_OBJC_ROOT_CLASS = YES_ERROR;
				CLANG_WARN_QUOTED_INCLUDE_IN_FRAMEWORK_HEADER = YES;
				CLANG_WARN_RANGE_LOOP_ANALYSIS = YES;
				CLANG_WARN_STRICT_PROTOTYPES = YES;
				CLANG_WARN_SUSPICIOUS_MOVE = YES;
				CLANG_WARN_UNGUARDED_AVAILABILITY = YES_AGGRESSIVE;
				CLANG_WARN_UNREACHABLE_CODE = YES;
				CLANG_WARN__DUPLICATE_METHOD_MATCH = YES;
				COPY_PHASE_STRIP = NO;
				DEBUG_INFORMATION_FORMAT = "dwarf-with-dsym";
				ENABLE_NS_ASSERTIONS = NO;
				ENABLE_STRICT_OBJC_MSGSEND = YES;
				GCC_C_LANGUAGE_STANDARD = gnu11;
				GCC_NO_COMMON_BLOCKS = YES;
				GCC_WARN_64_TO_32_BIT_CONVERSION = YES;
				GCC_WARN_ABOUT_RETURN_TYPE = YES_ERROR;
				GCC_WARN_UNDECLARED_SELECTOR = YES;
				GCC_WARN_UNINITIALIZED_AUTOS = YES_AGGRESSIVE;
				GCC_WARN_UNUSED_FUNCTION = YES;
				GCC_WARN_UNUSED_VARIABLE = YES;
				IPHONEOS_DEPLOYMENT_TARGET = 15.2;
				MTL_ENABLE_DEBUG_INFO = NO;
				MTL_FAST_MATH = YES;
				SDKROOT = iphoneos;
				SWIFT_COMPILATION_MODE = wholemodule;
				SWIFT_OPTIMIZATION_LEVEL = "-O";
				VALIDATE_PRODUCT = YES;
			};
			name = Release;
		};
		59839E072805807300BB2DE3 /* Debug */ = {
			isa = XCBuildConfiguration;
			baseConfigurationReference = A9315EF597BB0AA1AF531D00 /* Pods-NextApelsinProject.debug.xcconfig */;
			buildSettings = {
				ASSETCATALOG_COMPILER_APPICON_NAME = AppIcon;
				ASSETCATALOG_COMPILER_GLOBAL_ACCENT_COLOR_NAME = AccentColor;
				CODE_SIGN_STYLE = Automatic;
				CURRENT_PROJECT_VERSION = 1;
				DEVELOPMENT_TEAM = 4FTJLWYZ5C;
				GENERATE_INFOPLIST_FILE = YES;
				INFOPLIST_FILE = NextApelsinProject/Info.plist;
				INFOPLIST_KEY_UIApplicationSupportsIndirectInputEvents = YES;
				INFOPLIST_KEY_UILaunchStoryboardName = LaunchScreen;
				INFOPLIST_KEY_UIMainStoryboardFile = Main;
				INFOPLIST_KEY_UISupportedInterfaceOrientations_iPad = "UIInterfaceOrientationPortrait UIInterfaceOrientationPortraitUpsideDown UIInterfaceOrientationLandscapeLeft UIInterfaceOrientationLandscapeRight";
				INFOPLIST_KEY_UISupportedInterfaceOrientations_iPhone = "UIInterfaceOrientationPortrait UIInterfaceOrientationLandscapeLeft UIInterfaceOrientationLandscapeRight";
				LD_RUNPATH_SEARCH_PATHS = (
					"$(inherited)",
					"@executable_path/Frameworks",
				);
				MARKETING_VERSION = 1.0;
				PRODUCT_BUNDLE_IDENTIFIER = ColorsViewController.NextApelsinProject;
				PRODUCT_NAME = "$(TARGET_NAME)";
				SWIFT_EMIT_LOC_STRINGS = YES;
				SWIFT_VERSION = 5.0;
				TARGETED_DEVICE_FAMILY = 1;
			};
			name = Debug;
		};
		59839E082805807300BB2DE3 /* Release */ = {
			isa = XCBuildConfiguration;
			baseConfigurationReference = FDCCB8E00D919B22F0D47411 /* Pods-NextApelsinProject.release.xcconfig */;
			buildSettings = {
				ASSETCATALOG_COMPILER_APPICON_NAME = AppIcon;
				ASSETCATALOG_COMPILER_GLOBAL_ACCENT_COLOR_NAME = AccentColor;
				CODE_SIGN_STYLE = Automatic;
				CURRENT_PROJECT_VERSION = 1;
				DEVELOPMENT_TEAM = 4FTJLWYZ5C;
				GENERATE_INFOPLIST_FILE = YES;
				INFOPLIST_FILE = NextApelsinProject/Info.plist;
				INFOPLIST_KEY_UIApplicationSupportsIndirectInputEvents = YES;
				INFOPLIST_KEY_UILaunchStoryboardName = LaunchScreen;
				INFOPLIST_KEY_UIMainStoryboardFile = Main;
				INFOPLIST_KEY_UISupportedInterfaceOrientations_iPad = "UIInterfaceOrientationPortrait UIInterfaceOrientationPortraitUpsideDown UIInterfaceOrientationLandscapeLeft UIInterfaceOrientationLandscapeRight";
				INFOPLIST_KEY_UISupportedInterfaceOrientations_iPhone = "UIInterfaceOrientationPortrait UIInterfaceOrientationLandscapeLeft UIInterfaceOrientationLandscapeRight";
				LD_RUNPATH_SEARCH_PATHS = (
					"$(inherited)",
					"@executable_path/Frameworks",
				);
				MARKETING_VERSION = 1.0;
				PRODUCT_BUNDLE_IDENTIFIER = ColorsViewController.NextApelsinProject;
				PRODUCT_NAME = "$(TARGET_NAME)";
				SWIFT_EMIT_LOC_STRINGS = YES;
				SWIFT_VERSION = 5.0;
				TARGETED_DEVICE_FAMILY = 1;
			};
			name = Release;
		};
		59839E0A2805807300BB2DE3 /* Debug */ = {
			isa = XCBuildConfiguration;
			baseConfigurationReference = D5B8FD889C550E0BA1088D8E /* Pods-NextApelsinProjectTests.debug.xcconfig */;
			buildSettings = {
				ALWAYS_EMBED_SWIFT_STANDARD_LIBRARIES = YES;
				BUNDLE_LOADER = "$(TEST_HOST)";
				CODE_SIGN_STYLE = Automatic;
				CURRENT_PROJECT_VERSION = 1;
				DEVELOPMENT_TEAM = 4FTJLWYZ5C;
				GENERATE_INFOPLIST_FILE = YES;
				IPHONEOS_DEPLOYMENT_TARGET = 15.2;
				MARKETING_VERSION = 1.0;
				PRODUCT_BUNDLE_IDENTIFIER = ColorsViewController.NextApelsinProjectTests;
				PRODUCT_NAME = "$(TARGET_NAME)";
				SWIFT_EMIT_LOC_STRINGS = NO;
				SWIFT_VERSION = 5.0;
				TARGETED_DEVICE_FAMILY = "1,2";
				TEST_HOST = "$(BUILT_PRODUCTS_DIR)/NextApelsinProject.app/NextApelsinProject";
			};
			name = Debug;
		};
		59839E0B2805807300BB2DE3 /* Release */ = {
			isa = XCBuildConfiguration;
			baseConfigurationReference = 7B5F40FEE221169B176FA70E /* Pods-NextApelsinProjectTests.release.xcconfig */;
			buildSettings = {
				ALWAYS_EMBED_SWIFT_STANDARD_LIBRARIES = YES;
				BUNDLE_LOADER = "$(TEST_HOST)";
				CODE_SIGN_STYLE = Automatic;
				CURRENT_PROJECT_VERSION = 1;
				DEVELOPMENT_TEAM = 4FTJLWYZ5C;
				GENERATE_INFOPLIST_FILE = YES;
				IPHONEOS_DEPLOYMENT_TARGET = 15.2;
				MARKETING_VERSION = 1.0;
				PRODUCT_BUNDLE_IDENTIFIER = ColorsViewController.NextApelsinProjectTests;
				PRODUCT_NAME = "$(TARGET_NAME)";
				SWIFT_EMIT_LOC_STRINGS = NO;
				SWIFT_VERSION = 5.0;
				TARGETED_DEVICE_FAMILY = "1,2";
				TEST_HOST = "$(BUILT_PRODUCTS_DIR)/NextApelsinProject.app/NextApelsinProject";
			};
			name = Release;
		};
		59839E0D2805807300BB2DE3 /* Debug */ = {
			isa = XCBuildConfiguration;
			baseConfigurationReference = E9BA7C46CF99C55F79C01120 /* Pods-NextApelsinProject-NextApelsinProjectUITests.debug.xcconfig */;
			buildSettings = {
				ALWAYS_EMBED_SWIFT_STANDARD_LIBRARIES = YES;
				CODE_SIGN_STYLE = Automatic;
				CURRENT_PROJECT_VERSION = 1;
				DEVELOPMENT_TEAM = 4FTJLWYZ5C;
				GENERATE_INFOPLIST_FILE = YES;
				MARKETING_VERSION = 1.0;
				PRODUCT_BUNDLE_IDENTIFIER = ColorsViewController.NextApelsinProjectUITests;
				PRODUCT_NAME = "$(TARGET_NAME)";
				SWIFT_EMIT_LOC_STRINGS = NO;
				SWIFT_VERSION = 5.0;
				TARGETED_DEVICE_FAMILY = "1,2";
				TEST_TARGET_NAME = NextApelsinProject;
			};
			name = Debug;
		};
		59839E0E2805807300BB2DE3 /* Release */ = {
			isa = XCBuildConfiguration;
			baseConfigurationReference = 1565C389453618879E3CF279 /* Pods-NextApelsinProject-NextApelsinProjectUITests.release.xcconfig */;
			buildSettings = {
				ALWAYS_EMBED_SWIFT_STANDARD_LIBRARIES = YES;
				CODE_SIGN_STYLE = Automatic;
				CURRENT_PROJECT_VERSION = 1;
				DEVELOPMENT_TEAM = 4FTJLWYZ5C;
				GENERATE_INFOPLIST_FILE = YES;
				MARKETING_VERSION = 1.0;
				PRODUCT_BUNDLE_IDENTIFIER = ColorsViewController.NextApelsinProjectUITests;
				PRODUCT_NAME = "$(TARGET_NAME)";
				SWIFT_EMIT_LOC_STRINGS = NO;
				SWIFT_VERSION = 5.0;
				TARGETED_DEVICE_FAMILY = "1,2";
				TEST_TARGET_NAME = NextApelsinProject;
			};
			name = Release;
		};
/* End XCBuildConfiguration section */

/* Begin XCConfigurationList section */
		59839DD72805807100BB2DE3 /* Build configuration list for PBXProject "NextApelsinProject" */ = {
			isa = XCConfigurationList;
			buildConfigurations = (
				59839E042805807300BB2DE3 /* Debug */,
				59839E052805807300BB2DE3 /* Release */,
			);
			defaultConfigurationIsVisible = 0;
			defaultConfigurationName = Release;
		};
		59839E062805807300BB2DE3 /* Build configuration list for PBXNativeTarget "NextApelsinProject" */ = {
			isa = XCConfigurationList;
			buildConfigurations = (
				59839E072805807300BB2DE3 /* Debug */,
				59839E082805807300BB2DE3 /* Release */,
			);
			defaultConfigurationIsVisible = 0;
			defaultConfigurationName = Release;
		};
		59839E092805807300BB2DE3 /* Build configuration list for PBXNativeTarget "NextApelsinProjectTests" */ = {
			isa = XCConfigurationList;
			buildConfigurations = (
				59839E0A2805807300BB2DE3 /* Debug */,
				59839E0B2805807300BB2DE3 /* Release */,
			);
			defaultConfigurationIsVisible = 0;
			defaultConfigurationName = Release;
		};
		59839E0C2805807300BB2DE3 /* Build configuration list for PBXNativeTarget "NextApelsinProjectUITests" */ = {
			isa = XCConfigurationList;
			buildConfigurations = (
				59839E0D2805807300BB2DE3 /* Debug */,
				59839E0E2805807300BB2DE3 /* Release */,
			);
			defaultConfigurationIsVisible = 0;
			defaultConfigurationName = Release;
		};
/* End XCConfigurationList section */
	};
	rootObject = 59839DD42805807100BB2DE3 /* Project object */;
}
